
Microsoft Visual Studio Solution File, Format Version 12.00
Project("{FAE04EC0-301F-11D3-BF4B-00C04F79EFBC}") = "Shop.Admin", "Shop.Admin\Shop.Admin.csproj", "{FD4B52F4-B041-4E44-89B8-2C3DE9B5C915}"
EndProject
Project("{FAE04EC0-301F-11D3-BF4B-00C04F79EFBC}") = "Shop.Web", "Shop.Web\Shop.Web.csproj", "{D433DF5A-CFCE-4F8E-AC06-95CC4F518D6C}"
EndProject
Project("{FAE04EC0-301F-11D3-BF4B-00C04F79EFBC}") = "Shop.Api", "Shop.Api\Shop.Api.csproj", "{B80EA943-F052-45B9-BFFB-6C1B0966EC1D}"
EndProject
Project("{FAE04EC0-301F-11D3-BF4B-00C04F79EFBC}") = "Shop.Logic", "Shop.Logic\Shop.Logic.csproj", "{EF84EC63-0243-4D85-8C20-5CE401719D3D}"
EndProject
Project("{FAE04EC0-301F-11D3-BF4B-00C04F79EFBC}") = "Shop.DataModels", "Shop.DataModels\Shop.DataModels.csproj", "{A3207393-1E33-4C83-BC97-56E760F9D421}"
EndProject
Global
	GlobalSection(SolutionConfigurationPlatforms) = preSolution
		Debug|Any CPU = Debug|Any CPU
		Release|Any CPU = Release|Any CPU
	EndGlobalSection
	GlobalSection(ProjectConfigurationPlatforms) = postSolution
		{FD4B52F4-B041-4E44-89B8-2C3DE9B5C915}.Debug|Any CPU.ActiveCfg = Debug|Any CPU
		{FD4B52F4-B041-4E44-89B8-2C3DE9B5C915}.Debug|Any CPU.Build.0 = Debug|Any CPU
		{FD4B52F4-B041-4E44-89B8-2C3DE9B5C915}.Release|Any CPU.ActiveCfg = Release|Any CPU
		{FD4B52F4-B041-4E44-89B8-2C3DE9B5C915}.Release|Any CPU.Build.0 = Release|Any CPU
		{FD4B52F4-B041-4E44-89B8-2C3DE9B5C915}.Debug|Any CPU.Deploy.0 = Debug|Any CPU
		{D433DF5A-CFCE-4F8E-AC06-95CC4F518D6C}.Debug|Any CPU.ActiveCfg = Debug|Any CPU
		{D433DF5A-CFCE-4F8E-AC06-95CC4F518D6C}.Debug|Any CPU.Build.0 = Debug|Any CPU
		{D433DF5A-CFCE-4F8E-AC06-95CC4F518D6C}.Release|Any CPU.ActiveCfg = Release|Any CPU
		{D433DF5A-CFCE-4F8E-AC06-95CC4F518D6C}.Release|Any CPU.Build.0 = Release|Any CPU
		{D433DF5A-CFCE-4F8E-AC06-95CC4F518D6C}.Debug|Any CPU.Deploy.0 = Debug|Any CPU
		{B80EA943-F052-45B9-BFFB-6C1B0966EC1D}.Debug|Any CPU.ActiveCfg = Debug|Any CPU
		{B80EA943-F052-45B9-BFFB-6C1B0966EC1D}.Debug|Any CPU.Build.0 = Debug|Any CPU
		{B80EA943-F052-45B9-BFFB-6C1B0966EC1D}.Release|Any CPU.ActiveCfg = Release|Any CPU
		{B80EA943-F052-45B9-BFFB-6C1B0966EC1D}.Release|Any CPU.Build.0 = Release|Any CPU
		{B80EA943-F052-45B9-BFFB-6C1B0966EC1D}.Debug|Any CPU.Deploy.0 = Debug|Any CPU
		{EF84EC63-0243-4D85-8C20-5CE401719D3D}.Debug|Any CPU.ActiveCfg = Debug|Any CPU
		{EF84EC63-0243-4D85-8C20-5CE401719D3D}.Debug|Any CPU.Build.0 = Debug|Any CPU
		{EF84EC63-0243-4D85-8C20-5CE401719D3D}.Release|Any CPU.ActiveCfg = Release|Any CPU
		{EF84EC63-0243-4D85-8C20-5CE401719D3D}.Release|Any CPU.Build.0 = Release|Any CPU
		{A3207393-1E33-4C83-BC97-56E760F9D421}.Debug|Any CPU.ActiveCfg = Debug|Any CPU
		{A3207393-1E33-4C83-BC97-56E760F9D421}.Debug|Any CPU.Build.0 = Debug|Any CPU
		{A3207393-1E33-4C83-BC97-56E760F9D421}.Release|Any CPU.ActiveCfg = Release|Any CPU
		{A3207393-1E33-4C83-BC97-56E760F9D421}.Release|Any CPU.Build.0 = Release|Any CPU
	EndGlobalSection
EndGlobal
