
Microsoft Visual Studio Solution File, Format Version 12.00
Project("{FAE04EC0-301F-11D3-BF4B-00C04F79EFBC}") = "Shop.Admin", "Shop.Admin\Shop.Admin.csproj", "{FD4B52F4-B041-4E44-89B8-2C3DE9B5C915}"
EndProject
Project("{FAE04EC0-301F-11D3-BF4B-00C04F79EFBC}") = "Shop.Web", "Shop.Web\Shop.Web.csproj", "{D433DF5A-CFCE-4F8E-AC06-95CC4F518D6C}"
EndProject
Project("{FAE04EC0-301F-11D3-BF4B-00C04F79EFBC}") = "Shop.Api", "Shop.Api\Shop.Api.csproj", "{B80EA943-F052-45B9-BFFB-6C1B0966EC1D}"
EndProject
Global
	GlobalSection(SolutionConfigurationPlatforms) = preSolution
		Debug|Any CPU = Debug|Any CPU
		Release|Any CPU = Release|Any CPU
	EndGlobalSection
	GlobalSection(ProjectConfigurationPlatforms) = postSolution
		{FD4B52F4-B041-4E44-89B8-2C3DE9B5C915}.Debug|Any CPU.ActiveCfg = Debug|Any CPU
		{FD4B52F4-B041-4E44-89B8-2C3DE9B5C915}.Debug|Any CPU.Build.0 = Debug|Any CPU
		{FD4B52F4-B041-4E44-89B8-2C3DE9B5C915}.Release|Any CPU.ActiveCfg = Release|Any CPU
		{FD4B52F4-B041-4E44-89B8-2C3DE9B5C915}.Release|Any CPU.Build.0 = Release|Any CPU
		{D433DF5A-CFCE-4F8E-AC06-95CC4F518D6C}.Debug|Any CPU.ActiveCfg = Debug|Any CPU
		{D433DF5A-CFCE-4F8E-AC06-95CC4F518D6C}.Debug|Any CPU.Build.0 = Debug|Any CPU
		{D433DF5A-CFCE-4F8E-AC06-95CC4F518D6C}.Release|Any CPU.ActiveCfg = Release|Any CPU
		{D433DF5A-CFCE-4F8E-AC06-95CC4F518D6C}.Release|Any CPU.Build.0 = Release|Any CPU
		{B80EA943-F052-45B9-BFFB-6C1B0966EC1D}.Debug|Any CPU.ActiveCfg = Debug|Any CPU
		{B80EA943-F052-45B9-BFFB-6C1B0966EC1D}.Debug|Any CPU.Build.0 = Debug|Any CPU
		{B80EA943-F052-45B9-BFFB-6C1B0966EC1D}.Release|Any CPU.ActiveCfg = Release|Any CPU
		{B80EA943-F052-45B9-BFFB-6C1B0966EC1D}.Release|Any CPU.Build.0 = Release|Any CPU
	EndGlobalSection
EndGlobal
